
Microsoft Visual Studio Solution File, Format Version 12.00
# Visual Studio 2012
Project("{F184B08F-C81C-45F6-A57F-5ABD9991F28F}") = "EECloud.API", "EECloud.API\EECloud.API.vbproj", "{580DDF14-7848-4318-B9D8-55CBC3A2BC9E}"
EndProject
Project("{F184B08F-C81C-45F6-A57F-5ABD9991F28F}") = "EECloud", "EECloud\EECloud.vbproj", "{27B0DF5F-91E8-460C-9C18-3F3DE3A2600E}"
	ProjectSection(ProjectDependencies) = postProject
		{75ADE508-C5DA-4A45-BF8C-DD3E9F4EA882} = {75ADE508-C5DA-4A45-BF8C-DD3E9F4EA882}
		{D7AA066B-AF28-49D1-8CF7-0AD2AA72A9F1} = {D7AA066B-AF28-49D1-8CF7-0AD2AA72A9F1}
	EndProjectSection
EndProject
Project("{F184B08F-C81C-45F6-A57F-5ABD9991F28F}") = "TestPlugin", "TestPlugin\TestPlugin.vbproj", "{75ADE508-C5DA-4A45-BF8C-DD3E9F4EA882}"
EndProject
Project("{F184B08F-C81C-45F6-A57F-5ABD9991F28F}") = "Yo!Scroll Plugin", "Yo!Scroll Plugin\Yo!Scroll Plugin.vbproj", "{D7AA066B-AF28-49D1-8CF7-0AD2AA72A9F1}"
EndProject
Global
	GlobalSection(SolutionConfigurationPlatforms) = preSolution
		Debug|Any CPU = Debug|Any CPU
		Release|Any CPU = Release|Any CPU
	EndGlobalSection
	GlobalSection(ProjectConfigurationPlatforms) = postSolution
		{580DDF14-7848-4318-B9D8-55CBC3A2BC9E}.Debug|Any CPU.ActiveCfg = Debug|x86
		{580DDF14-7848-4318-B9D8-55CBC3A2BC9E}.Debug|Any CPU.Build.0 = Debug|x86
		{580DDF14-7848-4318-B9D8-55CBC3A2BC9E}.Release|Any CPU.ActiveCfg = Release|Any CPU
		{580DDF14-7848-4318-B9D8-55CBC3A2BC9E}.Release|Any CPU.Build.0 = Release|Any CPU
		{27B0DF5F-91E8-460C-9C18-3F3DE3A2600E}.Debug|Any CPU.ActiveCfg = Debug|x86
		{27B0DF5F-91E8-460C-9C18-3F3DE3A2600E}.Debug|Any CPU.Build.0 = Debug|x86
		{27B0DF5F-91E8-460C-9C18-3F3DE3A2600E}.Release|Any CPU.ActiveCfg = Release|Any CPU
		{27B0DF5F-91E8-460C-9C18-3F3DE3A2600E}.Release|Any CPU.Build.0 = Release|Any CPU
		{75ADE508-C5DA-4A45-BF8C-DD3E9F4EA882}.Debug|Any CPU.ActiveCfg = Debug|x86
		{75ADE508-C5DA-4A45-BF8C-DD3E9F4EA882}.Debug|Any CPU.Build.0 = Debug|x86
		{75ADE508-C5DA-4A45-BF8C-DD3E9F4EA882}.Release|Any CPU.ActiveCfg = Release|Any CPU
		{D7AA066B-AF28-49D1-8CF7-0AD2AA72A9F1}.Debug|Any CPU.ActiveCfg = Debug|x86
		{D7AA066B-AF28-49D1-8CF7-0AD2AA72A9F1}.Debug|Any CPU.Build.0 = Debug|x86
		{D7AA066B-AF28-49D1-8CF7-0AD2AA72A9F1}.Release|Any CPU.ActiveCfg = Release|Any CPU
		{D7AA066B-AF28-49D1-8CF7-0AD2AA72A9F1}.Release|Any CPU.Build.0 = Release|Any CPU
	EndGlobalSection
	GlobalSection(SolutionProperties) = preSolution
		HideSolutionNode = FALSE
	EndGlobalSection
EndGlobal
