
Microsoft Visual Studio Solution File, Format Version 12.00
# Visual Studio 2012
Project("{F184B08F-C81C-45F6-A57F-5ABD9991F28F}") = "EECloud.Launcher", "EECloud.Launcher\EECloud.Launcher.vbproj", "{C79E759B-B7FD-4343-A221-EB68EA4C6A06}"
EndProject
Project("{F184B08F-C81C-45F6-A57F-5ABD9991F28F}") = "EECloud", "EECloud\EECloud.vbproj", "{27B0DF5F-91E8-460C-9C18-3F3DE3A2600E}"
EndProject
Project("{F184B08F-C81C-45F6-A57F-5ABD9991F28F}") = "EECloud.Host", "EECloud.Host\EECloud.Host.vbproj", "{D71FCE6C-423C-44DA-8039-B798C7B2DFAA}"
EndProject
Project("{F184B08F-C81C-45F6-A57F-5ABD9991F28F}") = "EECloud.API", "EECloud.API\EECloud.API.vbproj", "{580DDF14-7848-4318-B9D8-55CBC3A2BC9E}"
EndProject
Project("{930C7802-8A8C-48F9-8165-68863BCCD9DD}") = "EECloud.Setup", "EECloud.Setup\EECloud.Setup.wixproj", "{D7D5A251-8434-4400-A623-94CE1B15DEBA}"
EndProject
Project("{7CF6DF6D-3B04-46F8-A40B-537D21BCA0B4}") = "EECloud.API.Docs", "EECloud.API.Docs\EECloud.API.Docs.shfbproj", "{87845ED9-58C3-4824-A414-2CAF2187393E}"
EndProject
Global
	GlobalSection(SolutionConfigurationPlatforms) = preSolution
		Debug|Any CPU = Debug|Any CPU
		Debug|x86 = Debug|x86
		Release|Any CPU = Release|Any CPU
		Release|x86 = Release|x86
	EndGlobalSection
	GlobalSection(ProjectConfigurationPlatforms) = postSolution
		{C79E759B-B7FD-4343-A221-EB68EA4C6A06}.Debug|Any CPU.ActiveCfg = Debug|x86
		{C79E759B-B7FD-4343-A221-EB68EA4C6A06}.Debug|x86.ActiveCfg = Debug|x86
		{C79E759B-B7FD-4343-A221-EB68EA4C6A06}.Debug|x86.Build.0 = Debug|x86
		{C79E759B-B7FD-4343-A221-EB68EA4C6A06}.Release|Any CPU.ActiveCfg = Release|x86
		{C79E759B-B7FD-4343-A221-EB68EA4C6A06}.Release|x86.ActiveCfg = Release|x86
		{C79E759B-B7FD-4343-A221-EB68EA4C6A06}.Release|x86.Build.0 = Release|x86
		{27B0DF5F-91E8-460C-9C18-3F3DE3A2600E}.Debug|Any CPU.ActiveCfg = Debug|x86
		{27B0DF5F-91E8-460C-9C18-3F3DE3A2600E}.Debug|x86.ActiveCfg = Debug|x86
		{27B0DF5F-91E8-460C-9C18-3F3DE3A2600E}.Debug|x86.Build.0 = Debug|x86
		{27B0DF5F-91E8-460C-9C18-3F3DE3A2600E}.Release|Any CPU.ActiveCfg = Release|x86
		{27B0DF5F-91E8-460C-9C18-3F3DE3A2600E}.Release|x86.ActiveCfg = Release|x86
		{27B0DF5F-91E8-460C-9C18-3F3DE3A2600E}.Release|x86.Build.0 = Release|x86
		{D71FCE6C-423C-44DA-8039-B798C7B2DFAA}.Debug|Any CPU.ActiveCfg = Debug|x86
		{D71FCE6C-423C-44DA-8039-B798C7B2DFAA}.Debug|x86.ActiveCfg = Debug|x86
		{D71FCE6C-423C-44DA-8039-B798C7B2DFAA}.Debug|x86.Build.0 = Debug|x86
		{D71FCE6C-423C-44DA-8039-B798C7B2DFAA}.Release|Any CPU.ActiveCfg = Release|x86
		{D71FCE6C-423C-44DA-8039-B798C7B2DFAA}.Release|x86.ActiveCfg = Release|x86
		{D71FCE6C-423C-44DA-8039-B798C7B2DFAA}.Release|x86.Build.0 = Release|x86
		{580DDF14-7848-4318-B9D8-55CBC3A2BC9E}.Debug|Any CPU.ActiveCfg = Debug|x86
		{580DDF14-7848-4318-B9D8-55CBC3A2BC9E}.Debug|x86.ActiveCfg = Debug|x86
		{580DDF14-7848-4318-B9D8-55CBC3A2BC9E}.Debug|x86.Build.0 = Debug|x86
		{580DDF14-7848-4318-B9D8-55CBC3A2BC9E}.Release|Any CPU.ActiveCfg = Release|x86
		{580DDF14-7848-4318-B9D8-55CBC3A2BC9E}.Release|x86.ActiveCfg = Release|x86
		{580DDF14-7848-4318-B9D8-55CBC3A2BC9E}.Release|x86.Build.0 = Release|x86
		{D7D5A251-8434-4400-A623-94CE1B15DEBA}.Debug|Any CPU.ActiveCfg = Debug|x86
		{D7D5A251-8434-4400-A623-94CE1B15DEBA}.Debug|x86.ActiveCfg = Debug|x86
		{D7D5A251-8434-4400-A623-94CE1B15DEBA}.Release|Any CPU.ActiveCfg = Release|x86
		{D7D5A251-8434-4400-A623-94CE1B15DEBA}.Release|x86.ActiveCfg = Release|x86
		{D7D5A251-8434-4400-A623-94CE1B15DEBA}.Release|x86.Build.0 = Release|x86
		{87845ED9-58C3-4824-A414-2CAF2187393E}.Debug|Any CPU.ActiveCfg = Debug|Any CPU
		{87845ED9-58C3-4824-A414-2CAF2187393E}.Debug|Any CPU.Build.0 = Debug|Any CPU
		{87845ED9-58C3-4824-A414-2CAF2187393E}.Debug|x86.ActiveCfg = Debug|Any CPU
		{87845ED9-58C3-4824-A414-2CAF2187393E}.Release|Any CPU.ActiveCfg = Release|Any CPU
		{87845ED9-58C3-4824-A414-2CAF2187393E}.Release|Any CPU.Build.0 = Release|Any CPU
		{87845ED9-58C3-4824-A414-2CAF2187393E}.Release|x86.ActiveCfg = Release|Any CPU
	EndGlobalSection
	GlobalSection(SolutionProperties) = preSolution
		HideSolutionNode = FALSE
	EndGlobalSection
EndGlobal
